// !$*UTF8*$!
{
	archiveVersion = 1;
	classes = {
	};
	objectVersion = 46;
	objects = {

/* Begin PBXFileReference section */
		A02FA7F61AA78B39004882F2 /* util.h */ = {isa = PBXFileReference; fileEncoding = 4; lastKnownFileType = sourcecode.c.h; name = util.h; path = ../util.h; sourceTree = "<group>"; };
		A02FA7F71AA78B39004882F2 /* util.cpp */ = {isa = PBXFileReference; fileEncoding = 4; lastKnownFileType = sourcecode.cpp.cpp; name = util.cpp; path = ../util.cpp; sourceTree = "<group>"; };
		A02FA7F81AA78B39004882F2 /* subtour.cpp */ = {isa = PBXFileReference; fileEncoding = 4; lastKnownFileType = sourcecode.cpp.cpp; name = subtour.cpp; path = ../subtour.cpp; sourceTree = "<group>"; };
		A02FA7F91AA78B39004882F2 /* Makefile */ = {isa = PBXFileReference; fileEncoding = 4; lastKnownFileType = sourcecode.make; name = Makefile; path = ../Makefile; sourceTree = "<group>"; };
		A02FA7FA1AA78B39004882F2 /* lp.h */ = {isa = PBXFileReference; fileEncoding = 4; lastKnownFileType = sourcecode.c.h; name = lp.h; path = ../lp.h; sourceTree = "<group>"; };
		A02FA7FB1AA78B39004882F2 /* lp.cpp */ = {isa = PBXFileReference; fileEncoding = 4; lastKnownFileType = sourcecode.cpp.cpp; name = lp.cpp; path = ../lp.cpp; sourceTree = "<group>"; };
		A02FA7FC1AA78B39004882F2 /* lp_helpers.h */ = {isa = PBXFileReference; fileEncoding = 4; lastKnownFileType = sourcecode.c.h; name = lp_helpers.h; path = ../lp_helpers.h; sourceTree = "<group>"; };
		A02FA7FD1AA78B39004882F2 /* Graph.h */ = {isa = PBXFileReference; fileEncoding = 4; lastKnownFileType = sourcecode.c.h; name = Graph.h; path = ../Graph.h; sourceTree = "<group>"; };
		A02FA7FE1AA78B39004882F2 /* Graph.cpp */ = {isa = PBXFileReference; fileEncoding = 4; lastKnownFileType = sourcecode.cpp.cpp; name = Graph.cpp; path = ../Graph.cpp; sourceTree = "<group>"; };
		A02FA7FF1AA78B39004882F2 /* find_tour.h */ = {isa = PBXFileReference; fileEncoding = 4; lastKnownFileType = sourcecode.c.h; name = find_tour.h; path = ../find_tour.h; sourceTree = "<group>"; };
		A02FA8001AA78B39004882F2 /* find_tour.cpp */ = {isa = PBXFileReference; fileEncoding = 4; lastKnownFileType = sourcecode.cpp.cpp; name = find_tour.cpp; path = ../find_tour.cpp; sourceTree = "<group>"; };
/* End PBXFileReference section */

/* Begin PBXGroup section */
		A02FA7EB1AA78AF4004882F2 = {
			isa = PBXGroup;
			children = (
				A02FA7F61AA78B39004882F2 /* util.h */,
				A02FA7F71AA78B39004882F2 /* util.cpp */,
				A02FA7F81AA78B39004882F2 /* subtour.cpp */,
				A02FA7F91AA78B39004882F2 /* Makefile */,
				A02FA7FA1AA78B39004882F2 /* lp.h */,
				A02FA7FB1AA78B39004882F2 /* lp.cpp */,
				A02FA7FC1AA78B39004882F2 /* lp_helpers.h */,
				A02FA7FD1AA78B39004882F2 /* Graph.h */,
				A02FA7FE1AA78B39004882F2 /* Graph.cpp */,
				A02FA7FF1AA78B39004882F2 /* find_tour.h */,
				A02FA8001AA78B39004882F2 /* find_tour.cpp */,
			);
			sourceTree = "<group>";
		};
/* End PBXGroup section */

/* Begin PBXLegacyTarget section */
		A02FA7F01AA78AF4004882F2 /* subtour_xcode */ = {
			isa = PBXLegacyTarget;
			buildArgumentsString = "$(ACTION)";
			buildConfigurationList = A02FA7F31AA78AF4004882F2 /* Build configuration list for PBXLegacyTarget "subtour_xcode" */;
			buildPhases = (
			);
			buildToolPath = /usr/bin/make;
			buildWorkingDirectory = "/Users/lawson/Workspace/Bill-Cooks-Billionaires/A2";
			dependencies = (
			);
			name = subtour_xcode;
			passBuildSettingsInEnvironment = 1;
			productName = subtour_xcode;
		};
/* End PBXLegacyTarget section */

/* Begin PBXProject section */
		A02FA7EC1AA78AF4004882F2 /* Project object */ = {
			isa = PBXProject;
			attributes = {
				LastUpgradeCheck = 0610;
				ORGANIZATIONNAME = Lawson;
				TargetAttributes = {
					A02FA7F01AA78AF4004882F2 = {
						CreatedOnToolsVersion = 6.1.1;
					};
				};
			};
			buildConfigurationList = A02FA7EF1AA78AF4004882F2 /* Build configuration list for PBXProject "subtour_xcode" */;
			compatibilityVersion = "Xcode 3.2";
			developmentRegion = English;
			hasScannedForEncodings = 0;
			knownRegions = (
				en,
			);
			mainGroup = A02FA7EB1AA78AF4004882F2;
			projectDirPath = "";
			projectRoot = "";
			targets = (
				A02FA7F01AA78AF4004882F2 /* subtour_xcode */,
			);
		};
/* End PBXProject section */

/* Begin XCBuildConfiguration section */
		A02FA7F11AA78AF4004882F2 /* Debug */ = {
			isa = XCBuildConfiguration;
			buildSettings = {
				ALWAYS_SEARCH_USER_PATHS = NO;
				CLANG_CXX_LANGUAGE_STANDARD = "gnu++0x";
				CLANG_CXX_LIBRARY = "libc++";
				CLANG_ENABLE_MODULES = YES;
				CLANG_ENABLE_OBJC_ARC = YES;
				CLANG_WARN_BOOL_CONVERSION = YES;
				CLANG_WARN_CONSTANT_CONVERSION = YES;
				CLANG_WARN_DIRECT_OBJC_ISA_USAGE = YES_ERROR;
				CLANG_WARN_EMPTY_BODY = YES;
				CLANG_WARN_ENUM_CONVERSION = YES;
				CLANG_WARN_INT_CONVERSION = YES;
				CLANG_WARN_OBJC_ROOT_CLASS = YES_ERROR;
				CLANG_WARN_UNREACHABLE_CODE = YES;
				CLANG_WARN__DUPLICATE_METHOD_MATCH = YES;
				COPY_PHASE_STRIP = NO;
				ENABLE_STRICT_OBJC_MSGSEND = YES;
				GCC_C_LANGUAGE_STANDARD = gnu99;
				GCC_DYNAMIC_NO_PIC = NO;
				GCC_OPTIMIZATION_LEVEL = 0;
				GCC_PREPROCESSOR_DEFINITIONS = (
					"DEBUG=1",
					"$(inherited)",
				);
				GCC_SYMBOLS_PRIVATE_EXTERN = NO;
				GCC_WARN_64_TO_32_BIT_CONVERSION = YES;
				GCC_WARN_ABOUT_RETURN_TYPE = YES_ERROR;
				GCC_WARN_UNDECLARED_SELECTOR = YES;
				GCC_WARN_UNINITIALIZED_AUTOS = YES_AGGRESSIVE;
				GCC_WARN_UNUSED_FUNCTION = YES;
				GCC_WARN_UNUSED_VARIABLE = YES;
				MACOSX_DEPLOYMENT_TARGET = 10.10;
				MTL_ENABLE_DEBUG_INFO = YES;
				ONLY_ACTIVE_ARCH = YES;
				SDKROOT = macosx;
			};
			name = Debug;
		};
		A02FA7F21AA78AF4004882F2 /* Release */ = {
			isa = XCBuildConfiguration;
			buildSettings = {
				ALWAYS_SEARCH_USER_PATHS = NO;
				CLANG_CXX_LANGUAGE_STANDARD = "gnu++0x";
				CLANG_CXX_LIBRARY = "libc++";
				CLANG_ENABLE_MODULES = YES;
				CLANG_ENABLE_OBJC_ARC = YES;
				CLANG_WARN_BOOL_CONVERSION = YES;
				CLANG_WARN_CONSTANT_CONVERSION = YES;
				CLANG_WARN_DIRECT_OBJC_ISA_USAGE = YES_ERROR;
				CLANG_WARN_EMPTY_BODY = YES;
				CLANG_WARN_ENUM_CONVERSION = YES;
				CLANG_WARN_INT_CONVERSION = YES;
				CLANG_WARN_OBJC_ROOT_CLASS = YES_ERROR;
				CLANG_WARN_UNREACHABLE_CODE = YES;
				CLANG_WARN__DUPLICATE_METHOD_MATCH = YES;
				COPY_PHASE_STRIP = YES;
				DEBUG_INFORMATION_FORMAT = "dwarf-with-dsym";
				ENABLE_NS_ASSERTIONS = NO;
				ENABLE_STRICT_OBJC_MSGSEND = YES;
				GCC_C_LANGUAGE_STANDARD = gnu99;
				GCC_WARN_64_TO_32_BIT_CONVERSION = YES;
				GCC_WARN_ABOUT_RETURN_TYPE = YES_ERROR;
				GCC_WARN_UNDECLARED_SELECTOR = YES;
				GCC_WARN_UNINITIALIZED_AUTOS = YES_AGGRESSIVE;
				GCC_WARN_UNUSED_FUNCTION = YES;
				GCC_WARN_UNUSED_VARIABLE = YES;
				MACOSX_DEPLOYMENT_TARGET = 10.10;
				MTL_ENABLE_DEBUG_INFO = NO;
				SDKROOT = macosx;
			};
			name = Release;
		};
		A02FA7F41AA78AF4004882F2 /* Debug */ = {
			isa = XCBuildConfiguration;
			buildSettings = {
				DEBUGGING_SYMBOLS = YES;
				GCC_GENERATE_DEBUGGING_SYMBOLS = YES;
				GCC_OPTIMIZATION_LEVEL = 0;
				OTHER_CFLAGS = "";
				OTHER_LDFLAGS = "";
				PRODUCT_NAME = "$(TARGET_NAME)";
			};
			name = Debug;
		};
		A02FA7F51AA78AF4004882F2 /* Release */ = {
			isa = XCBuildConfiguration;
			buildSettings = {
				OTHER_CFLAGS = "";
				OTHER_LDFLAGS = "";
				PRODUCT_NAME = "$(TARGET_NAME)";
			};
			name = Release;
		};
/* End XCBuildConfiguration section */

/* Begin XCConfigurationList section */
		A02FA7EF1AA78AF4004882F2 /* Build configuration list for PBXProject "subtour_xcode" */ = {
			isa = XCConfigurationList;
			buildConfigurations = (
				A02FA7F11AA78AF4004882F2 /* Debug */,
				A02FA7F21AA78AF4004882F2 /* Release */,
			);
			defaultConfigurationIsVisible = 0;
			defaultConfigurationName = Release;
		};
		A02FA7F31AA78AF4004882F2 /* Build configuration list for PBXLegacyTarget "subtour_xcode" */ = {
			isa = XCConfigurationList;
			buildConfigurations = (
				A02FA7F41AA78AF4004882F2 /* Debug */,
				A02FA7F51AA78AF4004882F2 /* Release */,
			);
			defaultConfigurationIsVisible = 0;
		};
/* End XCConfigurationList section */
	};
	rootObject = A02FA7EC1AA78AF4004882F2 /* Project object */;
}
